
Microsoft Visual Studio Solution File, Format Version 12.00
# Visual Studio Version 16
VisualStudioVersion = 16.0.29306.81
MinimumVisualStudioVersion = 10.0.40219.1
Project("{FAE04EC0-301F-11D3-BF4B-00C04F79EFBC}") = "QuizAdmin", "QuizAdmin\QuizAdmin.csproj", "{3E79FD06-09C6-4C78-961D-E7BD8FA4BFDF}"
EndProject
Global
	GlobalSection(SolutionConfigurationPlatforms) = preSolution
		Debug|Any CPU = Debug|Any CPU
		Release|Any CPU = Release|Any CPU
	EndGlobalSection
	GlobalSection(ProjectConfigurationPlatforms) = postSolution
		{3E79FD06-09C6-4C78-961D-E7BD8FA4BFDF}.Debug|Any CPU.ActiveCfg = Debug|Any CPU
		{3E79FD06-09C6-4C78-961D-E7BD8FA4BFDF}.Debug|Any CPU.Build.0 = Debug|Any CPU
		{3E79FD06-09C6-4C78-961D-E7BD8FA4BFDF}.Release|Any CPU.ActiveCfg = Release|Any CPU
		{3E79FD06-09C6-4C78-961D-E7BD8FA4BFDF}.Release|Any CPU.Build.0 = Release|Any CPU
	EndGlobalSection
	GlobalSection(SolutionProperties) = preSolution
		HideSolutionNode = FALSE
	EndGlobalSection
	GlobalSection(ExtensibilityGlobals) = postSolution
		SolutionGuid = {6DBC532C-E6E7-49EC-8CAD-AA7ECCC0E2E6}
	EndGlobalSection
EndGlobal
